
Microsoft Visual Studio Solution File, Format Version 12.00
# Visual Studio Version 16
VisualStudioVersion = 16.0.30104.148
MinimumVisualStudioVersion = 10.0.40219.1
Project("{FAE04EC0-301F-11D3-BF4B-00C04F79EFBC}") = "EnglishAPI", "EnglishAPI\EnglishAPI.csproj", "{713CCEA4-4ADC-4725-A7A5-0597284018EE}"
EndProject
Global
	GlobalSection(SolutionConfigurationPlatforms) = preSolution
		Debug|Any CPU = Debug|Any CPU
		Release|Any CPU = Release|Any CPU
	EndGlobalSection
	GlobalSection(ProjectConfigurationPlatforms) = postSolution
		{713CCEA4-4ADC-4725-A7A5-0597284018EE}.Debug|Any CPU.ActiveCfg = Debug|Any CPU
		{713CCEA4-4ADC-4725-A7A5-0597284018EE}.Debug|Any CPU.Build.0 = Debug|Any CPU
		{713CCEA4-4ADC-4725-A7A5-0597284018EE}.Release|Any CPU.ActiveCfg = Release|Any CPU
		{713CCEA4-4ADC-4725-A7A5-0597284018EE}.Release|Any CPU.Build.0 = Release|Any CPU
	EndGlobalSection
	GlobalSection(SolutionProperties) = preSolution
		HideSolutionNode = FALSE
	EndGlobalSection
	GlobalSection(ExtensibilityGlobals) = postSolution
		SolutionGuid = {A083EA9E-9FC8-4A0A-B2D6-539ABF6B30CE}
	EndGlobalSection
EndGlobal
